{"name":"changelog-infra","version":"0.1.0","lockfileVersion":3,"requires":true,"packages":{"":{"name":"changelog-infra","version":"0.1.0","dependencies":{"aws-cdk-lib":"^2.150.0","constructs":"^10.0.0"},"bin":{"changelog-infra":"bin/changelog.js"},"devDependencies":{"@types/node":"^20.11.0","aws-cdk":"^2.150.0","ts-node":"^10.9.2","typescript":"^5.4.0"}}}}